
Microsoft Visual Studio Solution File, Format Version 12.00
# Visual Studio Version 17
VisualStudioVersion = 17.6.33815.320
MinimumVisualStudioVersion = 10.0.40219.1
Project("{FAE04EC0-301F-11D3-BF4B-00C04F79EFBC}") = "KahveSitesi", "KahveSitesi\KahveSitesi.csproj", "{0CCFF6E4-FBFA-4D26-BB97-291F468818C0}"
EndProject
Global
	GlobalSection(SolutionConfigurationPlatforms) = preSolution
		Debug|Any CPU = Debug|Any CPU
		Release|Any CPU = Release|Any CPU
	EndGlobalSection
	GlobalSection(ProjectConfigurationPlatforms) = postSolution
		{0CCFF6E4-FBFA-4D26-BB97-291F468818C0}.Debug|Any CPU.ActiveCfg = Debug|Any CPU
		{0CCFF6E4-FBFA-4D26-BB97-291F468818C0}.Debug|Any CPU.Build.0 = Debug|Any CPU
		{0CCFF6E4-FBFA-4D26-BB97-291F468818C0}.Release|Any CPU.ActiveCfg = Release|Any CPU
		{0CCFF6E4-FBFA-4D26-BB97-291F468818C0}.Release|Any CPU.Build.0 = Release|Any CPU
	EndGlobalSection
	GlobalSection(SolutionProperties) = preSolution
		HideSolutionNode = FALSE
	EndGlobalSection
	GlobalSection(ExtensibilityGlobals) = postSolution
		SolutionGuid = {2D5782F6-F0F2-4694-ADF2-D76BF8A493CA}
	EndGlobalSection
EndGlobal
